
Microsoft Visual Studio Solution File, Format Version 12.00
# Visual Studio 15
VisualStudioVersion = 15.0.27703.2000
MinimumVisualStudioVersion = 10.0.40219.1
Project("{FAE04EC0-301F-11D3-BF4B-00C04F79EFBC}") = "3.2 Decisions", "3.2 Decisions\3.2 Decisions.csproj", "{759655C8-A4E9-40D8-A6E0-4E5C84654115}"
EndProject
Global
	GlobalSection(SolutionConfigurationPlatforms) = preSolution
		Debug|Any CPU = Debug|Any CPU
		Release|Any CPU = Release|Any CPU
	EndGlobalSection
	GlobalSection(ProjectConfigurationPlatforms) = postSolution
		{759655C8-A4E9-40D8-A6E0-4E5C84654115}.Debug|Any CPU.ActiveCfg = Debug|Any CPU
		{759655C8-A4E9-40D8-A6E0-4E5C84654115}.Debug|Any CPU.Build.0 = Debug|Any CPU
		{759655C8-A4E9-40D8-A6E0-4E5C84654115}.Release|Any CPU.ActiveCfg = Release|Any CPU
		{759655C8-A4E9-40D8-A6E0-4E5C84654115}.Release|Any CPU.Build.0 = Release|Any CPU
	EndGlobalSection
	GlobalSection(SolutionProperties) = preSolution
		HideSolutionNode = FALSE
	EndGlobalSection
	GlobalSection(ExtensibilityGlobals) = postSolution
		SolutionGuid = {19E34FD7-3BC6-4E00-9FF7-A08EB6947FDC}
	EndGlobalSection
EndGlobal
