
Microsoft Visual Studio Solution File, Format Version 12.00
# Visual Studio 15
VisualStudioVersion = 15.0.27703.2000
MinimumVisualStudioVersion = 10.0.40219.1
Project("{FAE04EC0-301F-11D3-BF4B-00C04F79EFBC}") = "3.1 Decisions clean", "3.1 Decisions clean\3.1 Decisions clean.csproj", "{1890F905-0B72-4A76-9D66-AB6AB3D634AB}"
EndProject
Global
	GlobalSection(SolutionConfigurationPlatforms) = preSolution
		Debug|Any CPU = Debug|Any CPU
		Release|Any CPU = Release|Any CPU
	EndGlobalSection
	GlobalSection(ProjectConfigurationPlatforms) = postSolution
		{1890F905-0B72-4A76-9D66-AB6AB3D634AB}.Debug|Any CPU.ActiveCfg = Debug|Any CPU
		{1890F905-0B72-4A76-9D66-AB6AB3D634AB}.Debug|Any CPU.Build.0 = Debug|Any CPU
		{1890F905-0B72-4A76-9D66-AB6AB3D634AB}.Release|Any CPU.ActiveCfg = Release|Any CPU
		{1890F905-0B72-4A76-9D66-AB6AB3D634AB}.Release|Any CPU.Build.0 = Release|Any CPU
	EndGlobalSection
	GlobalSection(SolutionProperties) = preSolution
		HideSolutionNode = FALSE
	EndGlobalSection
	GlobalSection(ExtensibilityGlobals) = postSolution
		SolutionGuid = {01D7CB1A-ADEC-4105-9CF8-2BFD1234EE1E}
	EndGlobalSection
EndGlobal
